# auto-generated by grc.converter

id: PPM_Analog_RC_PPM_Demodulator
label: PPM Demodulator
category: '[PPM_ANALOG_RC]'

parameters:
-   id: samp_rate
    label: Sample Rate
    dtype: float
    default: samp_rate

inputs:
-   domain: stream
    dtype: float

templates:
    imports: import gnuradio.PPM_Analog_RC as PPM_Analog_RC
    make: PPM_Analog_RC.PPM_Demodulator(${samp_rate})

file_format: 1
