# auto-generated by grc.converter

id: PPM_Analog_RC_PPM_Signal_Detector
label: Ppm signal detector
category: '[PPM_ANALOG_RC]'

parameters:
-   id: samp_rate
    label: Samp_rate
    dtype: float
-   id: energy_threshold
    label: Energy_threshold
    dtype: float

inputs:
-   domain: stream
    dtype: float
    multiplicity: '2'

outputs:
-   domain: stream
    dtype: float

templates:
    imports: import gnuradio.PPM_Analog_RC as PPM_Analog_RC
    make: PPM_Analog_RC.PPM_Signal_Detector(${samp_rate}, ${energy_threshold})

file_format: 1
